# This file is autogenerated, do not edit; changes may be undone by the next 'dep ensure'.


[[projects]]
  branch = "master"
  digest = "1:89798483c9eca2c25c90014683bde03a5bacd8e5cc723d49badecc18d5e94dc1"
  name = "golang.org/x/tour"
  packages = [
    "pic",
    "reader",
    "wc",
  ]
  pruneopts = "UT"
  revision = "df79fa323b803b074d1d58bef988babd261b04bd"

[solve-meta]
  analyzer-name = "dep"
  analyzer-version = 1
  input-imports = [
    "golang.org/x/tour/pic",
    "golang.org/x/tour/reader",
    "golang.org/x/tour/wc",
  ]
  solver-name = "gps-cdcl"
  solver-version = 1
